
Microsoft Visual Studio Solution File, Format Version 12.00
# Visual Studio 15
VisualStudioVersion = 15.0.27428.2002
MinimumVisualStudioVersion = 10.0.40219.1
Project("{8BC9CEB8-8B4A-11D0-8D11-00A0C91BC942}") = "BinarySeachTree", "BinarySeachTree\BinarySeachTree.vcxproj", "{077B0D33-1468-4D8F-A303-BD1CCB40C1E4}"
EndProject
Global
	GlobalSection(SolutionConfigurationPlatforms) = preSolution
		Debug|x64 = Debug|x64
		Debug|x86 = Debug|x86
		Release|x64 = Release|x64
		Release|x86 = Release|x86
	EndGlobalSection
	GlobalSection(ProjectConfigurationPlatforms) = postSolution
		{077B0D33-1468-4D8F-A303-BD1CCB40C1E4}.Debug|x64.ActiveCfg = Debug|x64
		{077B0D33-1468-4D8F-A303-BD1CCB40C1E4}.Debug|x64.Build.0 = Debug|x64
		{077B0D33-1468-4D8F-A303-BD1CCB40C1E4}.Debug|x86.ActiveCfg = Debug|Win32
		{077B0D33-1468-4D8F-A303-BD1CCB40C1E4}.Debug|x86.Build.0 = Debug|Win32
		{077B0D33-1468-4D8F-A303-BD1CCB40C1E4}.Release|x64.ActiveCfg = Release|x64
		{077B0D33-1468-4D8F-A303-BD1CCB40C1E4}.Release|x64.Build.0 = Release|x64
		{077B0D33-1468-4D8F-A303-BD1CCB40C1E4}.Release|x86.ActiveCfg = Release|Win32
		{077B0D33-1468-4D8F-A303-BD1CCB40C1E4}.Release|x86.Build.0 = Release|Win32
	EndGlobalSection
	GlobalSection(SolutionProperties) = preSolution
		HideSolutionNode = FALSE
	EndGlobalSection
	GlobalSection(ExtensibilityGlobals) = postSolution
		SolutionGuid = {0FCE833B-A2E2-4E12-B481-8EA00C43D9CF}
	EndGlobalSection
EndGlobal
